
Microsoft Visual Studio Solution File, Format Version 12.00
# Visual Studio Version 16
VisualStudioVersion = 16.0.29009.5
MinimumVisualStudioVersion = 10.0.40219.1
Project("{9A19103F-16F7-4668-BE54-9A1E7A4F7556}") = "Marketplace.App", "Marketplace.App\Marketplace.App.csproj", "{1C2DC02E-5A97-4D60-95AD-D41AEDA00D92}"
EndProject
Project("{9A19103F-16F7-4668-BE54-9A1E7A4F7556}") = "Marketplace.Data", "Marketplace.Data\Marketplace.Data.csproj", "{5C9B165A-F0A0-456E-A0AB-4BFC105D1133}"
EndProject
Project("{9A19103F-16F7-4668-BE54-9A1E7A4F7556}") = "Marketplace.Domain", "Marketplace.Domain\Marketplace.Domain.csproj", "{4631FA9B-4054-48D8-915E-73CDB6399B40}"
EndProject
Project("{9A19103F-16F7-4668-BE54-9A1E7A4F7556}") = "Marketplace.Services", "Marketplace.Services\Marketplace.Services.csproj", "{CAB7BC16-22DA-47E4-A050-C5D962B677BC}"
EndProject
Project("{2150E333-8FDC-42A3-9474-1A3956D46DE8}") = "Tests", "Tests", "{ACA8EECB-D140-4DF1-9CAE-7467714A2ED2}"
EndProject
Project("{FAE04EC0-301F-11D3-BF4B-00C04F79EFBC}") = "Marketplace.Services.Tests", "Tests\Marketplace.Services.Tests\Marketplace.Services.Tests.csproj", "{27EF0FE8-9174-489C-A1B3-778E147EF2C5}"
EndProject
Global
	GlobalSection(SolutionConfigurationPlatforms) = preSolution
		Debug|Any CPU = Debug|Any CPU
		Release|Any CPU = Release|Any CPU
	EndGlobalSection
	GlobalSection(ProjectConfigurationPlatforms) = postSolution
		{1C2DC02E-5A97-4D60-95AD-D41AEDA00D92}.Debug|Any CPU.ActiveCfg = Debug|Any CPU
		{1C2DC02E-5A97-4D60-95AD-D41AEDA00D92}.Debug|Any CPU.Build.0 = Debug|Any CPU
		{1C2DC02E-5A97-4D60-95AD-D41AEDA00D92}.Release|Any CPU.ActiveCfg = Release|Any CPU
		{1C2DC02E-5A97-4D60-95AD-D41AEDA00D92}.Release|Any CPU.Build.0 = Release|Any CPU
		{5C9B165A-F0A0-456E-A0AB-4BFC105D1133}.Debug|Any CPU.ActiveCfg = Debug|Any CPU
		{5C9B165A-F0A0-456E-A0AB-4BFC105D1133}.Debug|Any CPU.Build.0 = Debug|Any CPU
		{5C9B165A-F0A0-456E-A0AB-4BFC105D1133}.Release|Any CPU.ActiveCfg = Release|Any CPU
		{5C9B165A-F0A0-456E-A0AB-4BFC105D1133}.Release|Any CPU.Build.0 = Release|Any CPU
		{4631FA9B-4054-48D8-915E-73CDB6399B40}.Debug|Any CPU.ActiveCfg = Debug|Any CPU
		{4631FA9B-4054-48D8-915E-73CDB6399B40}.Debug|Any CPU.Build.0 = Debug|Any CPU
		{4631FA9B-4054-48D8-915E-73CDB6399B40}.Release|Any CPU.ActiveCfg = Release|Any CPU
		{4631FA9B-4054-48D8-915E-73CDB6399B40}.Release|Any CPU.Build.0 = Release|Any CPU
		{CAB7BC16-22DA-47E4-A050-C5D962B677BC}.Debug|Any CPU.ActiveCfg = Debug|Any CPU
		{CAB7BC16-22DA-47E4-A050-C5D962B677BC}.Debug|Any CPU.Build.0 = Debug|Any CPU
		{CAB7BC16-22DA-47E4-A050-C5D962B677BC}.Release|Any CPU.ActiveCfg = Release|Any CPU
		{CAB7BC16-22DA-47E4-A050-C5D962B677BC}.Release|Any CPU.Build.0 = Release|Any CPU
		{27EF0FE8-9174-489C-A1B3-778E147EF2C5}.Debug|Any CPU.ActiveCfg = Debug|Any CPU
		{27EF0FE8-9174-489C-A1B3-778E147EF2C5}.Debug|Any CPU.Build.0 = Debug|Any CPU
		{27EF0FE8-9174-489C-A1B3-778E147EF2C5}.Release|Any CPU.ActiveCfg = Release|Any CPU
		{27EF0FE8-9174-489C-A1B3-778E147EF2C5}.Release|Any CPU.Build.0 = Release|Any CPU
	EndGlobalSection
	GlobalSection(SolutionProperties) = preSolution
		HideSolutionNode = FALSE
	EndGlobalSection
	GlobalSection(NestedProjects) = preSolution
		{27EF0FE8-9174-489C-A1B3-778E147EF2C5} = {ACA8EECB-D140-4DF1-9CAE-7467714A2ED2}
	EndGlobalSection
	GlobalSection(ExtensibilityGlobals) = postSolution
		SolutionGuid = {9A5C2ABD-3D13-4161-898D-3016036C76AE}
	EndGlobalSection
EndGlobal
